// !$*UTF8*$!
{
	archiveVersion = 1;
	classes = {
	};
	objectVersion = 55;
	objects = {

/* Begin PBXBuildFile section */
		9712B39828BFD4850060E91D /* SummaryListViewController.swift in Sources */ = {isa = PBXBuildFile; fileRef = 9712B39728BFD4850060E91D /* SummaryListViewController.swift */; };
		976076CC28BEA83A00A7805C /* DataManager.swift in Sources */ = {isa = PBXBuildFile; fileRef = 976076CB28BEA83900A7805C /* DataManager.swift */; };
		976076D028BF70B600A7805C /* PersonDetailsViewController.swift in Sources */ = {isa = PBXBuildFile; fileRef = 976076CF28BF70B600A7805C /* PersonDetailsViewController.swift */; };
		97644D2528BDD35D00287900 /* AppDelegate.swift in Sources */ = {isa = PBXBuildFile; fileRef = 97644D2428BDD35D00287900 /* AppDelegate.swift */; };
		97644D2728BDD35D00287900 /* SceneDelegate.swift in Sources */ = {isa = PBXBuildFile; fileRef = 97644D2628BDD35D00287900 /* SceneDelegate.swift */; };
		97644D2C28BDD35D00287900 /* Main.storyboard in Resources */ = {isa = PBXBuildFile; fileRef = 97644D2A28BDD35D00287900 /* Main.storyboard */; };
		97644D2E28BDD36200287900 /* Assets.xcassets in Resources */ = {isa = PBXBuildFile; fileRef = 97644D2D28BDD36200287900 /* Assets.xcassets */; };
		97644D3128BDD36200287900 /* LaunchScreen.storyboard in Resources */ = {isa = PBXBuildFile; fileRef = 97644D2F28BDD36200287900 /* LaunchScreen.storyboard */; };
		97644D3928BDD51F00287900 /* PersonListViewController.swift in Sources */ = {isa = PBXBuildFile; fileRef = 97644D3828BDD51F00287900 /* PersonListViewController.swift */; };
		97644D3B28BDD62600287900 /* Model.swift in Sources */ = {isa = PBXBuildFile; fileRef = 97644D3A28BDD62600287900 /* Model.swift */; };
/* End PBXBuildFile section */

/* Begin PBXFileReference section */
		9712B39728BFD4850060E91D /* SummaryListViewController.swift */ = {isa = PBXFileReference; lastKnownFileType = sourcecode.swift; path = SummaryListViewController.swift; sourceTree = "<group>"; };
		976076CB28BEA83900A7805C /* DataManager.swift */ = {isa = PBXFileReference; lastKnownFileType = sourcecode.swift; path = DataManager.swift; sourceTree = "<group>"; };
		976076CF28BF70B600A7805C /* PersonDetailsViewController.swift */ = {isa = PBXFileReference; lastKnownFileType = sourcecode.swift; path = PersonDetailsViewController.swift; sourceTree = "<group>"; };
		97644D2128BDD35D00287900 /* Homework 9.app */ = {isa = PBXFileReference; explicitFileType = wrapper.application; includeInIndex = 0; path = "Homework 9.app"; sourceTree = BUILT_PRODUCTS_DIR; };
		97644D2428BDD35D00287900 /* AppDelegate.swift */ = {isa = PBXFileReference; lastKnownFileType = sourcecode.swift; path = AppDelegate.swift; sourceTree = "<group>"; };
		97644D2628BDD35D00287900 /* SceneDelegate.swift */ = {isa = PBXFileReference; lastKnownFileType = sourcecode.swift; path = SceneDelegate.swift; sourceTree = "<group>"; };
		97644D2B28BDD35D00287900 /* Base */ = {isa = PBXFileReference; lastKnownFileType = file.storyboard; name = Base; path = Base.lproj/Main.storyboard; sourceTree = "<group>"; };
		97644D2D28BDD36200287900 /* Assets.xcassets */ = {isa = PBXFileReference; lastKnownFileType = folder.assetcatalog; path = Assets.xcassets; sourceTree = "<group>"; };
		97644D3028BDD36200287900 /* Base */ = {isa = PBXFileReference; lastKnownFileType = file.storyboard; name = Base; path = Base.lproj/LaunchScreen.storyboard; sourceTree = "<group>"; };
		97644D3228BDD36200287900 /* Info.plist */ = {isa = PBXFileReference; lastKnownFileType = text.plist.xml; path = Info.plist; sourceTree = "<group>"; };
		97644D3828BDD51F00287900 /* PersonListViewController.swift */ = {isa = PBXFileReference; lastKnownFileType = sourcecode.swift; path = PersonListViewController.swift; sourceTree = "<group>"; };
		97644D3A28BDD62600287900 /* Model.swift */ = {isa = PBXFileReference; lastKnownFileType = sourcecode.swift; path = Model.swift; sourceTree = "<group>"; };
/* End PBXFileReference section */

/* Begin PBXFrameworksBuildPhase section */
		97644D1E28BDD35D00287900 /* Frameworks */ = {
			isa = PBXFrameworksBuildPhase;
			buildActionMask = 2147483647;
			files = (
			);
			runOnlyForDeploymentPostprocessing = 0;
		};
/* End PBXFrameworksBuildPhase section */

/* Begin PBXGroup section */
		97644D1828BDD35D00287900 = {
			isa = PBXGroup;
			children = (
				97644D2328BDD35D00287900 /* Homework 9 */,
				97644D2228BDD35D00287900 /* Products */,
			);
			sourceTree = "<group>";
		};
		97644D2228BDD35D00287900 /* Products */ = {
			isa = PBXGroup;
			children = (
				97644D2128BDD35D00287900 /* Homework 9.app */,
			);
			name = Products;
			sourceTree = "<group>";
		};
		97644D2328BDD35D00287900 /* Homework 9 */ = {
			isa = PBXGroup;
			children = (
				97644D2428BDD35D00287900 /* AppDelegate.swift */,
				97644D2628BDD35D00287900 /* SceneDelegate.swift */,
				97644D3828BDD51F00287900 /* PersonListViewController.swift */,
				976076CF28BF70B600A7805C /* PersonDetailsViewController.swift */,
				9712B39728BFD4850060E91D /* SummaryListViewController.swift */,
				97644D3A28BDD62600287900 /* Model.swift */,
				976076CB28BEA83900A7805C /* DataManager.swift */,
				97644D2A28BDD35D00287900 /* Main.storyboard */,
				97644D2D28BDD36200287900 /* Assets.xcassets */,
				97644D2F28BDD36200287900 /* LaunchScreen.storyboard */,
				97644D3228BDD36200287900 /* Info.plist */,
			);
			path = "Homework 9";
			sourceTree = "<group>";
		};
/* End PBXGroup section */

/* Begin PBXNativeTarget section */
		97644D2028BDD35D00287900 /* Homework 9 */ = {
			isa = PBXNativeTarget;
			buildConfigurationList = 97644D3528BDD36200287900 /* Build configuration list for PBXNativeTarget "Homework 9" */;
			buildPhases = (
				97644D1D28BDD35D00287900 /* Sources */,
				97644D1E28BDD35D00287900 /* Frameworks */,
				97644D1F28BDD35D00287900 /* Resources */,
			);
			buildRules = (
			);
			dependencies = (
			);
			name = "Homework 9";
			productName = "Homework 9";
			productReference = 97644D2128BDD35D00287900 /* Homework 9.app */;
			productType = "com.apple.product-type.application";
		};
/* End PBXNativeTarget section */

/* Begin PBXProject section */
		97644D1928BDD35D00287900 /* Project object */ = {
			isa = PBXProject;
			attributes = {
				BuildIndependentTargetsInParallel = 1;
				LastSwiftUpdateCheck = 1340;
				LastUpgradeCheck = 1340;
				TargetAttributes = {
					97644D2028BDD35D00287900 = {
						CreatedOnToolsVersion = 13.4.1;
					};
				};
			};
			buildConfigurationList = 97644D1C28BDD35D00287900 /* Build configuration list for PBXProject "Homework 9" */;
			compatibilityVersion = "Xcode 13.0";
			developmentRegion = en;
			hasScannedForEncodings = 0;
			knownRegions = (
				en,
				Base,
			);
			mainGroup = 97644D1828BDD35D00287900;
			productRefGroup = 97644D2228BDD35D00287900 /* Products */;
			projectDirPath = "";
			projectRoot = "";
			targets = (
				97644D2028BDD35D00287900 /* Homework 9 */,
			);
		};
/* End PBXProject section */

/* Begin PBXResourcesBuildPhase section */
		97644D1F28BDD35D00287900 /* Resources */ = {
			isa = PBXResourcesBuildPhase;
			buildActionMask = 2147483647;
			files = (
				97644D3128BDD36200287900 /* LaunchScreen.storyboard in Resources */,
				97644D2E28BDD36200287900 /* Assets.xcassets in Resources */,
				97644D2C28BDD35D00287900 /* Main.storyboard in Resources */,
			);
			runOnlyForDeploymentPostprocessing = 0;
		};
/* End PBXResourcesBuildPhase section */

/* Begin PBXSourcesBuildPhase section */
		97644D1D28BDD35D00287900 /* Sources */ = {
			isa = PBXSourcesBuildPhase;
			buildActionMask = 2147483647;
			files = (
				97644D3928BDD51F00287900 /* PersonListViewController.swift in Sources */,
				976076CC28BEA83A00A7805C /* DataManager.swift in Sources */,
				976076D028BF70B600A7805C /* PersonDetailsViewController.swift in Sources */,
				9712B39828BFD4850060E91D /* SummaryListViewController.swift in Sources */,
				97644D2528BDD35D00287900 /* AppDelegate.swift in Sources */,
				97644D2728BDD35D00287900 /* SceneDelegate.swift in Sources */,
				97644D3B28BDD62600287900 /* Model.swift in Sources */,
			);
			runOnlyForDeploymentPostprocessing = 0;
		};
/* End PBXSourcesBuildPhase section */

/* Begin PBXVariantGroup section */
		97644D2A28BDD35D00287900 /* Main.storyboard */ = {
			isa = PBXVariantGroup;
			children = (
				97644D2B28BDD35D00287900 /* Base */,
			);
			name = Main.storyboard;
			sourceTree = "<group>";
		};
		97644D2F28BDD36200287900 /* LaunchScreen.storyboard */ = {
			isa = PBXVariantGroup;
			children = (
				97644D3028BDD36200287900 /* Base */,
			);
			name = LaunchScreen.storyboard;
			sourceTree = "<group>";
		};
/* End PBXVariantGroup section */

/* Begin XCBuildConfiguration section */
		97644D3328BDD36200287900 /* Debug */ = {
			isa = XCBuildConfiguration;
			buildSettings = {
				ALWAYS_SEARCH_USER_PATHS = NO;
				CLANG_ANALYZER_NONNULL = YES;
				CLANG_ANALYZER_NUMBER_OBJECT_CONVERSION = YES_AGGRESSIVE;
				CLANG_CXX_LANGUAGE_STANDARD = "gnu++17";
				CLANG_ENABLE_MODULES = YES;
				CLANG_ENABLE_OBJC_ARC = YES;
				CLANG_ENABLE_OBJC_WEAK = YES;
				CLANG_WARN_BLOCK_CAPTURE_AUTORELEASING = YES;
				CLANG_WARN_BOOL_CONVERSION = YES;
				CLANG_WARN_COMMA = YES;
				CLANG_WARN_CONSTANT_CONVERSION = YES;
				CLANG_WARN_DEPRECATED_OBJC_IMPLEMENTATIONS = YES;
				CLANG_WARN_DIRECT_OBJC_ISA_USAGE = YES_ERROR;
				CLANG_WARN_DOCUMENTATION_COMMENTS = YES;
				CLANG_WARN_EMPTY_BODY = YES;
				CLANG_WARN_ENUM_CONVERSION = YES;
				CLANG_WARN_INFINITE_RECURSION = YES;
				CLANG_WARN_INT_CONVERSION = YES;
				CLANG_WARN_NON_LITERAL_NULL_CONVERSION = YES;
				CLANG_WARN_OBJC_IMPLICIT_RETAIN_SELF = YES;
				CLANG_WARN_OBJC_LITERAL_CONVERSION = YES;
				CLANG_WARN_OBJC_ROOT_CLASS = YES_ERROR;
				CLANG_WARN_QUOTED_INCLUDE_IN_FRAMEWORK_HEADER = YES;
				CLANG_WARN_RANGE_LOOP_ANALYSIS = YES;
				CLANG_WARN_STRICT_PROTOTYPES = YES;
				CLANG_WARN_SUSPICIOUS_MOVE = YES;
				CLANG_WARN_UNGUARDED_AVAILABILITY = YES_AGGRESSIVE;
				CLANG_WARN_UNREACHABLE_CODE = YES;
				CLANG_WARN__DUPLICATE_METHOD_MATCH = YES;
				COPY_PHASE_STRIP = NO;
				DEBUG_INFORMATION_FORMAT = dwarf;
				ENABLE_STRICT_OBJC_MSGSEND = YES;
				ENABLE_TESTABILITY = YES;
				GCC_C_LANGUAGE_STANDARD = gnu11;
				GCC_DYNAMIC_NO_PIC = NO;
				GCC_NO_COMMON_BLOCKS = YES;
				GCC_OPTIMIZATION_LEVEL = 0;
				GCC_PREPROCESSOR_DEFINITIONS = (
					"DEBUG=1",
					"$(inherited)",
				);
				GCC_WARN_64_TO_32_BIT_CONVERSION = YES;
				GCC_WARN_ABOUT_RETURN_TYPE = YES_ERROR;
				GCC_WARN_UNDECLARED_SELECTOR = YES;
				GCC_WARN_UNINITIALIZED_AUTOS = YES_AGGRESSIVE;
				GCC_WARN_UNUSED_FUNCTION = YES;
				GCC_WARN_UNUSED_VARIABLE = YES;
				IPHONEOS_DEPLOYMENT_TARGET = 15.5;
				MTL_ENABLE_DEBUG_INFO = INCLUDE_SOURCE;
				MTL_FAST_MATH = YES;
				ONLY_ACTIVE_ARCH = YES;
				SDKROOT = iphoneos;
				SWIFT_ACTIVE_COMPILATION_CONDITIONS = DEBUG;
				SWIFT_OPTIMIZATION_LEVEL = "-Onone";
			};
			name = Debug;
		};
		97644D3428BDD36200287900 /* Release */ = {
			isa = XCBuildConfiguration;
			buildSettings = {
				ALWAYS_SEARCH_USER_PATHS = NO;
				CLANG_ANALYZER_NONNULL = YES;
				CLANG_ANALYZER_NUMBER_OBJECT_CONVERSION = YES_AGGRESSIVE;
				CLANG_CXX_LANGUAGE_STANDARD = "gnu++17";
				CLANG_ENABLE_MODULES = YES;
				CLANG_ENABLE_OBJC_ARC = YES;
				CLANG_ENABLE_OBJC_WEAK = YES;
				CLANG_WARN_BLOCK_CAPTURE_AUTORELEASING = YES;
				CLANG_WARN_BOOL_CONVERSION = YES;
				CLANG_WARN_COMMA = YES;
				CLANG_WARN_CONSTANT_CONVERSION = YES;
				CLANG_WARN_DEPRECATED_OBJC_IMPLEMENTATIONS = YES;
				CLANG_WARN_DIRECT_OBJC_ISA_USAGE = YES_ERROR;
				CLANG_WARN_DOCUMENTATION_COMMENTS = YES;
				CLANG_WARN_EMPTY_BODY = YES;
				CLANG_WARN_ENUM_CONVERSION = YES;
				CLANG_WARN_INFINITE_RECURSION = YES;
				CLANG_WARN_INT_CONVERSION = YES;
				CLANG_WARN_NON_LITERAL_NULL_CONVERSION = YES;
				CLANG_WARN_OBJC_IMPLICIT_RETAIN_SELF = YES;
				CLANG_WARN_OBJC_LITERAL_CONVERSION = YES;
				CLANG_WARN_OBJC_ROOT_CLASS = YES_ERROR;
				CLANG_WARN_QUOTED_INCLUDE_IN_FRAMEWORK_HEADER = YES;
				CLANG_WARN_RANGE_LOOP_ANALYSIS = YES;
				CLANG_WARN_STRICT_PROTOTYPES = YES;
				CLANG_WARN_SUSPICIOUS_MOVE = YES;
				CLANG_WARN_UNGUARDED_AVAILABILITY = YES_AGGRESSIVE;
				CLANG_WARN_UNREACHABLE_CODE = YES;
				CLANG_WARN__DUPLICATE_METHOD_MATCH = YES;
				COPY_PHASE_STRIP = NO;
				DEBUG_INFORMATION_FORMAT = "dwarf-with-dsym";
				ENABLE_NS_ASSERTIONS = NO;
				ENABLE_STRICT_OBJC_MSGSEND = YES;
				GCC_C_LANGUAGE_STANDARD = gnu11;
				GCC_NO_COMMON_BLOCKS = YES;
				GCC_WARN_64_TO_32_BIT_CONVERSION = YES;
				GCC_WARN_ABOUT_RETURN_TYPE = YES_ERROR;
				GCC_WARN_UNDECLARED_SELECTOR = YES;
				GCC_WARN_UNINITIALIZED_AUTOS = YES_AGGRESSIVE;
				GCC_WARN_UNUSED_FUNCTION = YES;
				GCC_WARN_UNUSED_VARIABLE = YES;
				IPHONEOS_DEPLOYMENT_TARGET = 15.5;
				MTL_ENABLE_DEBUG_INFO = NO;
				MTL_FAST_MATH = YES;
				SDKROOT = iphoneos;
				SWIFT_COMPILATION_MODE = wholemodule;
				SWIFT_OPTIMIZATION_LEVEL = "-O";
				VALIDATE_PRODUCT = YES;
			};
			name = Release;
		};
		97644D3628BDD36200287900 /* Debug */ = {
			isa = XCBuildConfiguration;
			buildSettings = {
				ASSETCATALOG_COMPILER_APPICON_NAME = AppIcon;
				ASSETCATALOG_COMPILER_GLOBAL_ACCENT_COLOR_NAME = AccentColor;
				CODE_SIGN_STYLE = Automatic;
				CURRENT_PROJECT_VERSION = 1;
				DEVELOPMENT_TEAM = 9Q4F2G2K74;
				GENERATE_INFOPLIST_FILE = YES;
				INFOPLIST_FILE = "Homework 9/Info.plist";
				INFOPLIST_KEY_UIApplicationSupportsIndirectInputEvents = YES;
				INFOPLIST_KEY_UILaunchStoryboardName = LaunchScreen;
				INFOPLIST_KEY_UIMainStoryboardFile = Main;
				INFOPLIST_KEY_UISupportedInterfaceOrientations_iPad = "UIInterfaceOrientationPortrait UIInterfaceOrientationPortraitUpsideDown UIInterfaceOrientationLandscapeLeft UIInterfaceOrientationLandscapeRight";
				INFOPLIST_KEY_UISupportedInterfaceOrientations_iPhone = "UIInterfaceOrientationPortrait UIInterfaceOrientationLandscapeLeft UIInterfaceOrientationLandscapeRight";
				LD_RUNPATH_SEARCH_PATHS = (
					"$(inherited)",
					"@executable_path/Frameworks",
				);
				MARKETING_VERSION = 1.0;
				PRODUCT_BUNDLE_IDENTIFIER = "ru.hereSecond.Homework-9";
				PRODUCT_NAME = "$(TARGET_NAME)";
				SWIFT_EMIT_LOC_STRINGS = YES;
				SWIFT_VERSION = 5.0;
				TARGETED_DEVICE_FAMILY = "1,2";
			};
			name = Debug;
		};
		97644D3728BDD36200287900 /* Release */ = {
			isa = XCBuildConfiguration;
			buildSettings = {
				ASSETCATALOG_COMPILER_APPICON_NAME = AppIcon;
				ASSETCATALOG_COMPILER_GLOBAL_ACCENT_COLOR_NAME = AccentColor;
				CODE_SIGN_STYLE = Automatic;
				CURRENT_PROJECT_VERSION = 1;
				DEVELOPMENT_TEAM = 9Q4F2G2K74;
				GENERATE_INFOPLIST_FILE = YES;
				INFOPLIST_FILE = "Homework 9/Info.plist";
				INFOPLIST_KEY_UIApplicationSupportsIndirectInputEvents = YES;
				INFOPLIST_KEY_UILaunchStoryboardName = LaunchScreen;
				INFOPLIST_KEY_UIMainStoryboardFile = Main;
				INFOPLIST_KEY_UISupportedInterfaceOrientations_iPad = "UIInterfaceOrientationPortrait UIInterfaceOrientationPortraitUpsideDown UIInterfaceOrientationLandscapeLeft UIInterfaceOrientationLandscapeRight";
				INFOPLIST_KEY_UISupportedInterfaceOrientations_iPhone = "UIInterfaceOrientationPortrait UIInterfaceOrientationLandscapeLeft UIInterfaceOrientationLandscapeRight";
				LD_RUNPATH_SEARCH_PATHS = (
					"$(inherited)",
					"@executable_path/Frameworks",
				);
				MARKETING_VERSION = 1.0;
				PRODUCT_BUNDLE_IDENTIFIER = "ru.hereSecond.Homework-9";
				PRODUCT_NAME = "$(TARGET_NAME)";
				SWIFT_EMIT_LOC_STRINGS = YES;
				SWIFT_VERSION = 5.0;
				TARGETED_DEVICE_FAMILY = "1,2";
			};
			name = Release;
		};
/* End XCBuildConfiguration section */

/* Begin XCConfigurationList section */
		97644D1C28BDD35D00287900 /* Build configuration list for PBXProject "Homework 9" */ = {
			isa = XCConfigurationList;
			buildConfigurations = (
				97644D3328BDD36200287900 /* Debug */,
				97644D3428BDD36200287900 /* Release */,
			);
			defaultConfigurationIsVisible = 0;
			defaultConfigurationName = Release;
		};
		97644D3528BDD36200287900 /* Build configuration list for PBXNativeTarget "Homework 9" */ = {
			isa = XCConfigurationList;
			buildConfigurations = (
				97644D3628BDD36200287900 /* Debug */,
				97644D3728BDD36200287900 /* Release */,
			);
			defaultConfigurationIsVisible = 0;
			defaultConfigurationName = Release;
		};
/* End XCConfigurationList section */
	};
	rootObject = 97644D1928BDD35D00287900 /* Project object */;
}
